{
  "version": 4,
  "terraform_version": "1.1.6",
  "serial": 11,
  "lineage": "ea9bace1-11fc-b5f7-8a6b-69941711a95b",
  "outputs": {},
  "resources": [
    {
      "mode": "managed",
      "type": "aws_vpc",
      "name": "nano-vpc",
      "provider": "provider[\"registry.terraform.io/hashicorp/aws\"]",
      "instances": [
        {
          "schema_version": 1,
          "attributes": {
            "arn": "arn:aws:ec2:ap-south-1:959925711418:vpc/vpc-02747c42be6a9191e",
            "assign_generated_ipv6_cidr_block": false,
            "cidr_block": "10.0.0.0/16",
            "default_network_acl_id": "acl-06576d914385d8754",
            "default_route_table_id": "rtb-0804fd017e8a77f07",
            "default_security_group_id": "sg-0ddca152ced89eeed",
            "dhcp_options_id": "dopt-05ee8d8f0dc1b462b",
            "enable_classiclink": false,
            "enable_classiclink_dns_support": false,
            "enable_dns_hostnames": false,
            "enable_dns_support": true,
            "id": "vpc-02747c42be6a9191e",
            "instance_tenancy": "default",
            "ipv4_ipam_pool_id": null,
            "ipv4_netmask_length": null,
            "ipv6_association_id": "",
            "ipv6_cidr_block": "",
            "ipv6_cidr_block_network_border_group": "",
            "ipv6_ipam_pool_id": "",
            "ipv6_netmask_length": 0,
            "main_route_table_id": "rtb-0804fd017e8a77f07",
            "owner_id": "959925711418",
            "tags": {
              "Name": "nano-vpc"
            },
            "tags_all": {
              "Name": "nano-vpc"
            }
          },
          "sensitive_attributes": [],
          "private": "eyJzY2hlbWFfdmVyc2lvbiI6IjEifQ=="
        }
      ]
    }
  ]
}
